
Microsoft Visual Studio Solution File, Format Version 12.00
# Visual Studio 15
VisualStudioVersion = 15.0.26730.12
MinimumVisualStudioVersion = 10.0.40219.1
Project("{FAE04EC0-301F-11D3-BF4B-00C04F79EFBC}") = "AES-GCM-128", "AES-GCM-128\AES-GCM-128.csproj", "{C04285AC-FB0A-4C62-9A82-FC69B3DF40B6}"
EndProject
Global
	GlobalSection(SolutionConfigurationPlatforms) = preSolution
		Debug|Any CPU = Debug|Any CPU
		Release|Any CPU = Release|Any CPU
	EndGlobalSection
	GlobalSection(ProjectConfigurationPlatforms) = postSolution
		{C04285AC-FB0A-4C62-9A82-FC69B3DF40B6}.Debug|Any CPU.ActiveCfg = Debug|Any CPU
		{C04285AC-FB0A-4C62-9A82-FC69B3DF40B6}.Debug|Any CPU.Build.0 = Debug|Any CPU
		{C04285AC-FB0A-4C62-9A82-FC69B3DF40B6}.Release|Any CPU.ActiveCfg = Release|Any CPU
		{C04285AC-FB0A-4C62-9A82-FC69B3DF40B6}.Release|Any CPU.Build.0 = Release|Any CPU
	EndGlobalSection
	GlobalSection(SolutionProperties) = preSolution
		HideSolutionNode = FALSE
	EndGlobalSection
	GlobalSection(ExtensibilityGlobals) = postSolution
		SolutionGuid = {E703951A-DD69-4E79-A289-EC6040C09CC8}
	EndGlobalSection
EndGlobal
